
Microsoft Visual Studio Solution File, Format Version 12.00
# Visual Studio 15
VisualStudioVersion = 15.0.28307.421
MinimumVisualStudioVersion = 10.0.40219.1
Project("{9A19103F-16F7-4668-BE54-9A1E7A4F7556}") = "InsertMaker", "InsertMaker\InsertMaker.csproj", "{C5418500-A7AC-4A73-8F6F-1B26A34E47DC}"
EndProject
Project("{FAE04EC0-301F-11D3-BF4B-00C04F79EFBC}") = "DBHelper", "DBHelper\DBHelper.csproj", "{0F87BF17-158A-4B2C-BE6E-44A225E09144}"
EndProject
Global
	GlobalSection(SolutionConfigurationPlatforms) = preSolution
		Debug|Any CPU = Debug|Any CPU
		Release|Any CPU = Release|Any CPU
	EndGlobalSection
	GlobalSection(ProjectConfigurationPlatforms) = postSolution
		{C5418500-A7AC-4A73-8F6F-1B26A34E47DC}.Debug|Any CPU.ActiveCfg = Debug|Any CPU
		{C5418500-A7AC-4A73-8F6F-1B26A34E47DC}.Debug|Any CPU.Build.0 = Debug|Any CPU
		{C5418500-A7AC-4A73-8F6F-1B26A34E47DC}.Release|Any CPU.ActiveCfg = Release|Any CPU
		{C5418500-A7AC-4A73-8F6F-1B26A34E47DC}.Release|Any CPU.Build.0 = Release|Any CPU
		{0F87BF17-158A-4B2C-BE6E-44A225E09144}.Debug|Any CPU.ActiveCfg = Debug|Any CPU
		{0F87BF17-158A-4B2C-BE6E-44A225E09144}.Debug|Any CPU.Build.0 = Debug|Any CPU
		{0F87BF17-158A-4B2C-BE6E-44A225E09144}.Release|Any CPU.ActiveCfg = Release|Any CPU
		{0F87BF17-158A-4B2C-BE6E-44A225E09144}.Release|Any CPU.Build.0 = Release|Any CPU
	EndGlobalSection
	GlobalSection(SolutionProperties) = preSolution
		HideSolutionNode = FALSE
	EndGlobalSection
	GlobalSection(ExtensibilityGlobals) = postSolution
		SolutionGuid = {EAE1CD63-B695-4F7D-AF45-6C7B20554D72}
	EndGlobalSection
EndGlobal
